; This file was auto-generated by drush make
core = 7.x
api = 2

; Core
; Themes
projects[adminimal_theme][version] = "1.19"
projects[adminimal_theme][type] = "theme"

projects[bootstrap][version] = "3.0"
projects[bootstrap][type] = "theme"

projects[omega][version] = "4.3"
projects[omega][type] = "theme"

